// !$*UTF8*$!
{
	archiveVersion = 1;
	classes = {
	};
	objectVersion = 50;
	objects = {

/* Begin PBXBuildFile section */
		E5A5241B2161B9B40074FBF5 /* main.cpp in Sources */ = {isa = PBXBuildFile; fileRef = E5A5241A2161B9B40074FBF5 /* main.cpp */; };
		E5A524282161B9EE0074FBF5 /* SDL2_mixer.framework in Frameworks */ = {isa = PBXBuildFile; fileRef = E5A524242161B9ED0074FBF5 /* SDL2_mixer.framework */; };
		E5A5242A2161B9EE0074FBF5 /* SDL2_image.framework in Frameworks */ = {isa = PBXBuildFile; fileRef = E5A524262161B9EE0074FBF5 /* SDL2_image.framework */; };
		E5A5242B2161B9EE0074FBF5 /* SDL2.framework in Frameworks */ = {isa = PBXBuildFile; fileRef = E5A524272161B9EE0074FBF5 /* SDL2.framework */; };
/* End PBXBuildFile section */

/* Begin PBXCopyFilesBuildPhase section */
		E5A524152161B9B40074FBF5 /* CopyFiles */ = {
			isa = PBXCopyFilesBuildPhase;
			buildActionMask = 2147483647;
			dstPath = /usr/share/man/man1/;
			dstSubfolderSpec = 0;
			files = (
			);
			runOnlyForDeploymentPostprocessing = 1;
		};
/* End PBXCopyFilesBuildPhase section */

/* Begin PBXFileReference section */
		3E0A895D2166D69300058FF5 /* map2.txt */ = {isa = PBXFileReference; lastKnownFileType = text; path = map2.txt; sourceTree = "<group>"; };
		E59BF6AC2167454F0020B567 /* artur_64.png */ = {isa = PBXFileReference; lastKnownFileType = image.png; path = artur_64.png; sourceTree = "<group>"; };
		E59BF6AD2167500A0020B567 /* sandman.mp3 */ = {isa = PBXFileReference; lastKnownFileType = audio.mp3; name = sandman.mp3; path = ../../../sandman.mp3; sourceTree = "<group>"; };
		E59BF6B5216756C50020B567 /* jupiter_color.png */ = {isa = PBXFileReference; lastKnownFileType = image.png; path = jupiter_color.png; sourceTree = "<group>"; };
		E59BF6B6216756C50020B567 /* venus_color.png */ = {isa = PBXFileReference; lastKnownFileType = image.png; path = venus_color.png; sourceTree = "<group>"; };
		E59BF6B7216756C60020B567 /* sm_color.png */ = {isa = PBXFileReference; lastKnownFileType = image.png; path = sm_color.png; sourceTree = "<group>"; };
		E59BF6B8216756C60020B567 /* mars_color.png */ = {isa = PBXFileReference; lastKnownFileType = image.png; path = mars_color.png; sourceTree = "<group>"; };
		E59BF6B9216756C60020B567 /* mercury_color.png */ = {isa = PBXFileReference; lastKnownFileType = image.png; path = mercury_color.png; sourceTree = "<group>"; };
		E59BF6BA216756EE0020B567 /* sailormoon.mp3 */ = {isa = PBXFileReference; lastKnownFileType = audio.mp3; path = sailormoon.mp3; sourceTree = "<group>"; };
		E59BF6BD216758DB0020B567 /* sky64.png */ = {isa = PBXFileReference; lastKnownFileType = image.png; path = sky64.png; sourceTree = "<group>"; };
		E59BF6BF21675AA40020B567 /* crystal64.png */ = {isa = PBXFileReference; lastKnownFileType = image.png; path = crystal64.png; sourceTree = "<group>"; };
		E59BF6C1216760920020B567 /* kitty64.png */ = {isa = PBXFileReference; lastKnownFileType = image.png; path = kitty64.png; sourceTree = "<group>"; };
		E59BF6C32167615E0020B567 /* nightsky64.png */ = {isa = PBXFileReference; lastKnownFileType = image.png; path = nightsky64.png; sourceTree = "<group>"; };
		E5A524172161B9B40074FBF5 /* cg_maze */ = {isa = PBXFileReference; explicitFileType = "compiled.mach-o.executable"; includeInIndex = 0; path = cg_maze; sourceTree = BUILT_PRODUCTS_DIR; };
		E5A5241A2161B9B40074FBF5 /* main.cpp */ = {isa = PBXFileReference; lastKnownFileType = sourcecode.cpp.cpp; path = main.cpp; sourceTree = "<group>"; };
		E5A524242161B9ED0074FBF5 /* SDL2_mixer.framework */ = {isa = PBXFileReference; lastKnownFileType = wrapper.framework; name = SDL2_mixer.framework; path = ../../../../Library/Frameworks/SDL2_mixer.framework; sourceTree = "<group>"; };
		E5A524262161B9EE0074FBF5 /* SDL2_image.framework */ = {isa = PBXFileReference; lastKnownFileType = wrapper.framework; name = SDL2_image.framework; path = ../../../../Library/Frameworks/SDL2_image.framework; sourceTree = "<group>"; };
		E5A524272161B9EE0074FBF5 /* SDL2.framework */ = {isa = PBXFileReference; lastKnownFileType = wrapper.framework; name = SDL2.framework; path = ../../../../Library/Frameworks/SDL2.framework; sourceTree = "<group>"; };
		E5A524EE21635A750074FBF5 /* maze.h */ = {isa = PBXFileReference; lastKnownFileType = sourcecode.c.h; path = maze.h; sourceTree = "<group>"; };
		E5A524F321635AF50074FBF5 /* spooky.mp3 */ = {isa = PBXFileReference; lastKnownFileType = audio.mp3; path = spooky.mp3; sourceTree = "<group>"; };
		E5A525BF21652CCF0074FBF5 /* window.cpp */ = {isa = PBXFileReference; lastKnownFileType = sourcecode.cpp.cpp; path = window.cpp; sourceTree = "<group>"; };
		E5A525C121652D290074FBF5 /* handle_input.cpp */ = {isa = PBXFileReference; lastKnownFileType = sourcecode.cpp.cpp; path = handle_input.cpp; sourceTree = "<group>"; };
		E5A525C321652D540074FBF5 /* close.cpp */ = {isa = PBXFileReference; lastKnownFileType = sourcecode.cpp.cpp; path = close.cpp; sourceTree = "<group>"; };
		E5A525C521652D990074FBF5 /* draw.cpp */ = {isa = PBXFileReference; lastKnownFileType = sourcecode.cpp.cpp; path = draw.cpp; sourceTree = "<group>"; };
		E5A525C721652DCC0074FBF5 /* texture_manager.cpp */ = {isa = PBXFileReference; lastKnownFileType = sourcecode.cpp.cpp; path = texture_manager.cpp; sourceTree = "<group>"; };
		E5A525C921652E120074FBF5 /* effects.cpp */ = {isa = PBXFileReference; lastKnownFileType = sourcecode.cpp.cpp; path = effects.cpp; sourceTree = "<group>"; };
		E5A525CB21652F440074FBF5 /* draw_walls.cpp */ = {isa = PBXFileReference; lastKnownFileType = sourcecode.cpp.cpp; path = draw_walls.cpp; sourceTree = "<group>"; };
		E5A525CD216533EC0074FBF5 /* update_world.cpp */ = {isa = PBXFileReference; lastKnownFileType = sourcecode.cpp.cpp; path = update_world.cpp; sourceTree = "<group>"; };
		E5A525CF21653EF70074FBF5 /* map_parser.cpp */ = {isa = PBXFileReference; lastKnownFileType = sourcecode.cpp.cpp; path = map_parser.cpp; sourceTree = "<group>"; };
		E5A525D4216540D80074FBF5 /* map.txt */ = {isa = PBXFileReference; lastKnownFileType = text; path = map.txt; sourceTree = "<group>"; };
/* End PBXFileReference section */

/* Begin PBXFrameworksBuildPhase section */
		E5A524142161B9B40074FBF5 /* Frameworks */ = {
			isa = PBXFrameworksBuildPhase;
			buildActionMask = 2147483647;
			files = (
				E5A524282161B9EE0074FBF5 /* SDL2_mixer.framework in Frameworks */,
				E5A5242A2161B9EE0074FBF5 /* SDL2_image.framework in Frameworks */,
				E5A5242B2161B9EE0074FBF5 /* SDL2.framework in Frameworks */,
			);
			runOnlyForDeploymentPostprocessing = 0;
		};
/* End PBXFrameworksBuildPhase section */

/* Begin PBXGroup section */
		E5A5240E2161B9B40074FBF5 = {
			isa = PBXGroup;
			children = (
				E5A524192161B9B40074FBF5 /* src */,
				E5A525D121653F8D0074FBF5 /* maps */,
				E5A524E4216313A50074FBF5 /* dependencies */,
				E5A524182161B9B40074FBF5 /* Products */,
				E5A524212161B9D80074FBF5 /* Frameworks */,
			);
			sourceTree = "<group>";
		};
		E5A524182161B9B40074FBF5 /* Products */ = {
			isa = PBXGroup;
			children = (
				E5A524172161B9B40074FBF5 /* cg_maze */,
			);
			name = Products;
			sourceTree = "<group>";
		};
		E5A524192161B9B40074FBF5 /* src */ = {
			isa = PBXGroup;
			children = (
				E5A5241A2161B9B40074FBF5 /* main.cpp */,
				E5A525BF21652CCF0074FBF5 /* window.cpp */,
				E5A525C721652DCC0074FBF5 /* texture_manager.cpp */,
				E5A525CF21653EF70074FBF5 /* map_parser.cpp */,
				E5A525C121652D290074FBF5 /* handle_input.cpp */,
				E5A525C521652D990074FBF5 /* draw.cpp */,
				E5A525CB21652F440074FBF5 /* draw_walls.cpp */,
				E5A525CD216533EC0074FBF5 /* update_world.cpp */,
				E5A525C921652E120074FBF5 /* effects.cpp */,
				E5A525C321652D540074FBF5 /* close.cpp */,
				E5A524ED21635A510074FBF5 /* headers */,
			);
			path = src;
			sourceTree = "<group>";
		};
		E5A524212161B9D80074FBF5 /* Frameworks */ = {
			isa = PBXGroup;
			children = (
				E5A524262161B9EE0074FBF5 /* SDL2_image.framework */,
				E5A524242161B9ED0074FBF5 /* SDL2_mixer.framework */,
				E5A524272161B9EE0074FBF5 /* SDL2.framework */,
			);
			name = Frameworks;
			sourceTree = "<group>";
		};
		E5A524E4216313A50074FBF5 /* dependencies */ = {
			isa = PBXGroup;
			children = (
				E5A524E5216313A50074FBF5 /* images */,
				E5A524E9216313A50074FBF5 /* audio */,
			);
			path = dependencies;
			sourceTree = "<group>";
		};
		E5A524E5216313A50074FBF5 /* images */ = {
			isa = PBXGroup;
			children = (
				E59BF6AC2167454F0020B567 /* artur_64.png */,
				E59BF6BD216758DB0020B567 /* sky64.png */,
				E59BF6BF21675AA40020B567 /* crystal64.png */,
				E59BF6B5216756C50020B567 /* jupiter_color.png */,
				E59BF6B8216756C60020B567 /* mars_color.png */,
				E59BF6B9216756C60020B567 /* mercury_color.png */,
				E59BF6C1216760920020B567 /* kitty64.png */,
				E59BF6B7216756C60020B567 /* sm_color.png */,
				E59BF6B6216756C50020B567 /* venus_color.png */,
				E59BF6C32167615E0020B567 /* nightsky64.png */,
			);
			path = images;
			sourceTree = "<group>";
		};
		E5A524E9216313A50074FBF5 /* audio */ = {
			isa = PBXGroup;
			children = (
				E59BF6BA216756EE0020B567 /* sailormoon.mp3 */,
				E5A524F321635AF50074FBF5 /* spooky.mp3 */,
				E59BF6AD2167500A0020B567 /* sandman.mp3 */,
			);
			path = audio;
			sourceTree = "<group>";
		};
		E5A524ED21635A510074FBF5 /* headers */ = {
			isa = PBXGroup;
			children = (
				E5A524EE21635A750074FBF5 /* maze.h */,
			);
			path = headers;
			sourceTree = "<group>";
		};
		E5A525D121653F8D0074FBF5 /* maps */ = {
			isa = PBXGroup;
			children = (
				3E0A895D2166D69300058FF5 /* map2.txt */,
				E5A525D4216540D80074FBF5 /* map.txt */,
			);
			path = maps;
			sourceTree = "<group>";
		};
/* End PBXGroup section */

/* Begin PBXNativeTarget section */
		E5A524162161B9B40074FBF5 /* cg_maze */ = {
			isa = PBXNativeTarget;
			buildConfigurationList = E5A5241E2161B9B40074FBF5 /* Build configuration list for PBXNativeTarget "cg_maze" */;
			buildPhases = (
				E5A524132161B9B40074FBF5 /* Sources */,
				E5A524142161B9B40074FBF5 /* Frameworks */,
				E5A524152161B9B40074FBF5 /* CopyFiles */,
			);
			buildRules = (
			);
			dependencies = (
			);
			name = cg_maze;
			productName = cg_maze;
			productReference = E5A524172161B9B40074FBF5 /* cg_maze */;
			productType = "com.apple.product-type.tool";
		};
/* End PBXNativeTarget section */

/* Begin PBXProject section */
		E5A5240F2161B9B40074FBF5 /* Project object */ = {
			isa = PBXProject;
			attributes = {
				LastUpgradeCheck = 1000;
				ORGANIZATIONNAME = "Becky Chen";
				TargetAttributes = {
					E5A524162161B9B40074FBF5 = {
						CreatedOnToolsVersion = 10.0;
					};
				};
			};
			buildConfigurationList = E5A524122161B9B40074FBF5 /* Build configuration list for PBXProject "cg_maze" */;
			compatibilityVersion = "Xcode 9.3";
			developmentRegion = en;
			hasScannedForEncodings = 0;
			knownRegions = (
				en,
			);
			mainGroup = E5A5240E2161B9B40074FBF5;
			productRefGroup = E5A524182161B9B40074FBF5 /* Products */;
			projectDirPath = "";
			projectRoot = "";
			targets = (
				E5A524162161B9B40074FBF5 /* cg_maze */,
			);
		};
/* End PBXProject section */

/* Begin PBXSourcesBuildPhase section */
		E5A524132161B9B40074FBF5 /* Sources */ = {
			isa = PBXSourcesBuildPhase;
			buildActionMask = 2147483647;
			files = (
				E5A5241B2161B9B40074FBF5 /* main.cpp in Sources */,
			);
			runOnlyForDeploymentPostprocessing = 0;
		};
/* End PBXSourcesBuildPhase section */

/* Begin XCBuildConfiguration section */
		E5A5241C2161B9B40074FBF5 /* Debug */ = {
			isa = XCBuildConfiguration;
			buildSettings = {
				ALWAYS_SEARCH_USER_PATHS = NO;
				CLANG_ANALYZER_NONNULL = YES;
				CLANG_ANALYZER_NUMBER_OBJECT_CONVERSION = YES_AGGRESSIVE;
				CLANG_CXX_LANGUAGE_STANDARD = "gnu++14";
				CLANG_CXX_LIBRARY = "libc++";
				CLANG_ENABLE_MODULES = YES;
				CLANG_ENABLE_OBJC_ARC = YES;
				CLANG_ENABLE_OBJC_WEAK = YES;
				CLANG_WARN_BLOCK_CAPTURE_AUTORELEASING = YES;
				CLANG_WARN_BOOL_CONVERSION = YES;
				CLANG_WARN_COMMA = YES;
				CLANG_WARN_CONSTANT_CONVERSION = YES;
				CLANG_WARN_DEPRECATED_OBJC_IMPLEMENTATIONS = YES;
				CLANG_WARN_DIRECT_OBJC_ISA_USAGE = YES_ERROR;
				CLANG_WARN_DOCUMENTATION_COMMENTS = YES;
				CLANG_WARN_EMPTY_BODY = YES;
				CLANG_WARN_ENUM_CONVERSION = YES;
				CLANG_WARN_INFINITE_RECURSION = YES;
				CLANG_WARN_INT_CONVERSION = YES;
				CLANG_WARN_NON_LITERAL_NULL_CONVERSION = YES;
				CLANG_WARN_OBJC_IMPLICIT_RETAIN_SELF = YES;
				CLANG_WARN_OBJC_LITERAL_CONVERSION = YES;
				CLANG_WARN_OBJC_ROOT_CLASS = YES_ERROR;
				CLANG_WARN_RANGE_LOOP_ANALYSIS = YES;
				CLANG_WARN_STRICT_PROTOTYPES = YES;
				CLANG_WARN_SUSPICIOUS_MOVE = YES;
				CLANG_WARN_UNGUARDED_AVAILABILITY = YES_AGGRESSIVE;
				CLANG_WARN_UNREACHABLE_CODE = YES;
				CLANG_WARN__DUPLICATE_METHOD_MATCH = YES;
				CODE_SIGN_IDENTITY = "-";
				COPY_PHASE_STRIP = NO;
				DEBUG_INFORMATION_FORMAT = dwarf;
				ENABLE_STRICT_OBJC_MSGSEND = YES;
				ENABLE_TESTABILITY = YES;
				GCC_C_LANGUAGE_STANDARD = gnu11;
				GCC_DYNAMIC_NO_PIC = NO;
				GCC_NO_COMMON_BLOCKS = YES;
				GCC_OPTIMIZATION_LEVEL = 0;
				GCC_PREPROCESSOR_DEFINITIONS = (
					"DEBUG=1",
					"$(inherited)",
				);
				GCC_WARN_64_TO_32_BIT_CONVERSION = YES;
				GCC_WARN_ABOUT_RETURN_TYPE = YES_ERROR;
				GCC_WARN_UNDECLARED_SELECTOR = YES;
				GCC_WARN_UNINITIALIZED_AUTOS = YES_AGGRESSIVE;
				GCC_WARN_UNUSED_FUNCTION = YES;
				GCC_WARN_UNUSED_VARIABLE = YES;
				MACOSX_DEPLOYMENT_TARGET = 10.13;
				MTL_ENABLE_DEBUG_INFO = INCLUDE_SOURCE;
				MTL_FAST_MATH = YES;
				ONLY_ACTIVE_ARCH = YES;
				SDKROOT = macosx;
			};
			name = Debug;
		};
		E5A5241D2161B9B40074FBF5 /* Release */ = {
			isa = XCBuildConfiguration;
			buildSettings = {
				ALWAYS_SEARCH_USER_PATHS = NO;
				CLANG_ANALYZER_NONNULL = YES;
				CLANG_ANALYZER_NUMBER_OBJECT_CONVERSION = YES_AGGRESSIVE;
				CLANG_CXX_LANGUAGE_STANDARD = "gnu++14";
				CLANG_CXX_LIBRARY = "libc++";
				CLANG_ENABLE_MODULES = YES;
				CLANG_ENABLE_OBJC_ARC = YES;
				CLANG_ENABLE_OBJC_WEAK = YES;
				CLANG_WARN_BLOCK_CAPTURE_AUTORELEASING = YES;
				CLANG_WARN_BOOL_CONVERSION = YES;
				CLANG_WARN_COMMA = YES;
				CLANG_WARN_CONSTANT_CONVERSION = YES;
				CLANG_WARN_DEPRECATED_OBJC_IMPLEMENTATIONS = YES;
				CLANG_WARN_DIRECT_OBJC_ISA_USAGE = YES_ERROR;
				CLANG_WARN_DOCUMENTATION_COMMENTS = YES;
				CLANG_WARN_EMPTY_BODY = YES;
				CLANG_WARN_ENUM_CONVERSION = YES;
				CLANG_WARN_INFINITE_RECURSION = YES;
				CLANG_WARN_INT_CONVERSION = YES;
				CLANG_WARN_NON_LITERAL_NULL_CONVERSION = YES;
				CLANG_WARN_OBJC_IMPLICIT_RETAIN_SELF = YES;
				CLANG_WARN_OBJC_LITERAL_CONVERSION = YES;
				CLANG_WARN_OBJC_ROOT_CLASS = YES_ERROR;
				CLANG_WARN_RANGE_LOOP_ANALYSIS = YES;
				CLANG_WARN_STRICT_PROTOTYPES = YES;
				CLANG_WARN_SUSPICIOUS_MOVE = YES;
				CLANG_WARN_UNGUARDED_AVAILABILITY = YES_AGGRESSIVE;
				CLANG_WARN_UNREACHABLE_CODE = YES;
				CLANG_WARN__DUPLICATE_METHOD_MATCH = YES;
				CODE_SIGN_IDENTITY = "-";
				COPY_PHASE_STRIP = NO;
				DEBUG_INFORMATION_FORMAT = "dwarf-with-dsym";
				ENABLE_NS_ASSERTIONS = NO;
				ENABLE_STRICT_OBJC_MSGSEND = YES;
				GCC_C_LANGUAGE_STANDARD = gnu11;
				GCC_NO_COMMON_BLOCKS = YES;
				GCC_WARN_64_TO_32_BIT_CONVERSION = YES;
				GCC_WARN_ABOUT_RETURN_TYPE = YES_ERROR;
				GCC_WARN_UNDECLARED_SELECTOR = YES;
				GCC_WARN_UNINITIALIZED_AUTOS = YES_AGGRESSIVE;
				GCC_WARN_UNUSED_FUNCTION = YES;
				GCC_WARN_UNUSED_VARIABLE = YES;
				MACOSX_DEPLOYMENT_TARGET = 10.13;
				MTL_ENABLE_DEBUG_INFO = NO;
				MTL_FAST_MATH = YES;
				SDKROOT = macosx;
			};
			name = Release;
		};
		E5A5241F2161B9B40074FBF5 /* Debug */ = {
			isa = XCBuildConfiguration;
			buildSettings = {
				CODE_SIGN_STYLE = Automatic;
				FRAMEWORK_SEARCH_PATHS = (
					"$(inherited)",
					"$(LOCAL_LIBRARY_DIR)/Frameworks",
				);
				PRODUCT_NAME = "$(TARGET_NAME)";
			};
			name = Debug;
		};
		E5A524202161B9B40074FBF5 /* Release */ = {
			isa = XCBuildConfiguration;
			buildSettings = {
				CODE_SIGN_STYLE = Automatic;
				FRAMEWORK_SEARCH_PATHS = (
					"$(inherited)",
					"$(LOCAL_LIBRARY_DIR)/Frameworks",
				);
				PRODUCT_NAME = "$(TARGET_NAME)";
			};
			name = Release;
		};
/* End XCBuildConfiguration section */

/* Begin XCConfigurationList section */
		E5A524122161B9B40074FBF5 /* Build configuration list for PBXProject "cg_maze" */ = {
			isa = XCConfigurationList;
			buildConfigurations = (
				E5A5241C2161B9B40074FBF5 /* Debug */,
				E5A5241D2161B9B40074FBF5 /* Release */,
			);
			defaultConfigurationIsVisible = 0;
			defaultConfigurationName = Release;
		};
		E5A5241E2161B9B40074FBF5 /* Build configuration list for PBXNativeTarget "cg_maze" */ = {
			isa = XCConfigurationList;
			buildConfigurations = (
				E5A5241F2161B9B40074FBF5 /* Debug */,
				E5A524202161B9B40074FBF5 /* Release */,
			);
			defaultConfigurationIsVisible = 0;
			defaultConfigurationName = Release;
		};
/* End XCConfigurationList section */
	};
	rootObject = E5A5240F2161B9B40074FBF5 /* Project object */;
}
